
Microsoft Visual Studio Solution File, Format Version 12.00
# Visual Studio 15
VisualStudioVersion = 15.0.28307.852
MinimumVisualStudioVersion = 10.0.40219.1
Project("{FAE04EC0-301F-11D3-BF4B-00C04F79EFBC}") = "QuanLyBanSach", "QuanLyBanSach\QuanLyBanSach.csproj", "{BC3CA0E1-9710-4C83-B640-0173781B7B0F}"
EndProject
Global
	GlobalSection(SolutionConfigurationPlatforms) = preSolution
		Debug|Any CPU = Debug|Any CPU
		Release|Any CPU = Release|Any CPU
	EndGlobalSection
	GlobalSection(ProjectConfigurationPlatforms) = postSolution
		{BC3CA0E1-9710-4C83-B640-0173781B7B0F}.Debug|Any CPU.ActiveCfg = Debug|Any CPU
		{BC3CA0E1-9710-4C83-B640-0173781B7B0F}.Debug|Any CPU.Build.0 = Debug|Any CPU
		{BC3CA0E1-9710-4C83-B640-0173781B7B0F}.Release|Any CPU.ActiveCfg = Release|Any CPU
		{BC3CA0E1-9710-4C83-B640-0173781B7B0F}.Release|Any CPU.Build.0 = Release|Any CPU
	EndGlobalSection
	GlobalSection(SolutionProperties) = preSolution
		HideSolutionNode = FALSE
	EndGlobalSection
	GlobalSection(ExtensibilityGlobals) = postSolution
		SolutionGuid = {0E3B9F83-E3EB-460E-9BBD-F352C71E7CF1}
	EndGlobalSection
EndGlobal
